
Microsoft Visual Studio Solution File, Format Version 12.00
# Visual Studio 14
VisualStudioVersion = 14.0.25420.1
MinimumVisualStudioVersion = 10.0.40219.1
Project("{FAE04EC0-301F-11D3-BF4B-00C04F79EFBC}") = "Agendamiento", "Agendamiento\Agendamiento\Agendamiento.csproj", "{A643CE4E-7995-41B2-A151-E0C88EC5482B}"
EndProject
Project("{FAE04EC0-301F-11D3-BF4B-00C04F79EFBC}") = "Agendamiento.Droid", "Agendamiento\Agendamiento.Droid\Agendamiento.Droid.csproj", "{8C314E49-DB4F-449A-A562-0E66D3EFB3CB}"
EndProject
Project("{FAE04EC0-301F-11D3-BF4B-00C04F79EFBC}") = "Agendamiento.iOS", "Agendamiento\Agendamiento.iOS\Agendamiento.iOS.csproj", "{F5D738A9-998B-4EBF-B5C9-B64514818835}"
EndProject
Project("{FAE04EC0-301F-11D3-BF4B-00C04F79EFBC}") = "Agendamiento.WinPhone", "Agendamiento\Agendamiento.WinPhone\Agendamiento.WinPhone.csproj", "{C434F389-8FB4-4B05-9941-604DA1BBE9B5}"
EndProject
Project("{FAE04EC0-301F-11D3-BF4B-00C04F79EFBC}") = "Agendamiento.Windows", "Agendamiento\Agendamiento.Windows\Agendamiento.Windows.csproj", "{24052504-A2F8-4DE4-BF4B-6576AAD22385}"
EndProject
Global
	GlobalSection(SolutionConfigurationPlatforms) = preSolution
		Ad-Hoc|Any CPU = Ad-Hoc|Any CPU
		Ad-Hoc|ARM = Ad-Hoc|ARM
		Ad-Hoc|iPhone = Ad-Hoc|iPhone
		Ad-Hoc|iPhoneSimulator = Ad-Hoc|iPhoneSimulator
		Ad-Hoc|x64 = Ad-Hoc|x64
		Ad-Hoc|x86 = Ad-Hoc|x86
		AppStore|Any CPU = AppStore|Any CPU
		AppStore|ARM = AppStore|ARM
		AppStore|iPhone = AppStore|iPhone
		AppStore|iPhoneSimulator = AppStore|iPhoneSimulator
		AppStore|x64 = AppStore|x64
		AppStore|x86 = AppStore|x86
		Debug|Any CPU = Debug|Any CPU
		Debug|ARM = Debug|ARM
		Debug|iPhone = Debug|iPhone
		Debug|iPhoneSimulator = Debug|iPhoneSimulator
		Debug|x64 = Debug|x64
		Debug|x86 = Debug|x86
		Release|Any CPU = Release|Any CPU
		Release|ARM = Release|ARM
		Release|iPhone = Release|iPhone
		Release|iPhoneSimulator = Release|iPhoneSimulator
		Release|x64 = Release|x64
		Release|x86 = Release|x86
	EndGlobalSection
	GlobalSection(ProjectConfigurationPlatforms) = postSolution
		{A643CE4E-7995-41B2-A151-E0C88EC5482B}.Ad-Hoc|Any CPU.ActiveCfg = Release|Any CPU
		{A643CE4E-7995-41B2-A151-E0C88EC5482B}.Ad-Hoc|Any CPU.Build.0 = Release|Any CPU
		{A643CE4E-7995-41B2-A151-E0C88EC5482B}.Ad-Hoc|ARM.ActiveCfg = Release|Any CPU
		{A643CE4E-7995-41B2-A151-E0C88EC5482B}.Ad-Hoc|ARM.Build.0 = Release|Any CPU
		{A643CE4E-7995-41B2-A151-E0C88EC5482B}.Ad-Hoc|iPhone.ActiveCfg = Release|Any CPU
		{A643CE4E-7995-41B2-A151-E0C88EC5482B}.Ad-Hoc|iPhone.Build.0 = Release|Any CPU
		{A643CE4E-7995-41B2-A151-E0C88EC5482B}.Ad-Hoc|iPhoneSimulator.ActiveCfg = Release|Any CPU
		{A643CE4E-7995-41B2-A151-E0C88EC5482B}.Ad-Hoc|iPhoneSimulator.Build.0 = Release|Any CPU
		{A643CE4E-7995-41B2-A151-E0C88EC5482B}.Ad-Hoc|x64.ActiveCfg = Release|Any CPU
		{A643CE4E-7995-41B2-A151-E0C88EC5482B}.Ad-Hoc|x64.Build.0 = Release|Any CPU
		{A643CE4E-7995-41B2-A151-E0C88EC5482B}.Ad-Hoc|x86.ActiveCfg = Release|Any CPU
		{A643CE4E-7995-41B2-A151-E0C88EC5482B}.Ad-Hoc|x86.Build.0 = Release|Any CPU
		{A643CE4E-7995-41B2-A151-E0C88EC5482B}.AppStore|Any CPU.ActiveCfg = Release|Any CPU
		{A643CE4E-7995-41B2-A151-E0C88EC5482B}.AppStore|Any CPU.Build.0 = Release|Any CPU
		{A643CE4E-7995-41B2-A151-E0C88EC5482B}.AppStore|ARM.ActiveCfg = Release|Any CPU
		{A643CE4E-7995-41B2-A151-E0C88EC5482B}.AppStore|ARM.Build.0 = Release|Any CPU
		{A643CE4E-7995-41B2-A151-E0C88EC5482B}.AppStore|iPhone.ActiveCfg = Release|Any CPU
		{A643CE4E-7995-41B2-A151-E0C88EC5482B}.AppStore|iPhone.Build.0 = Release|Any CPU
		{A643CE4E-7995-41B2-A151-E0C88EC5482B}.AppStore|iPhoneSimulator.ActiveCfg = Release|Any CPU
		{A643CE4E-7995-41B2-A151-E0C88EC5482B}.AppStore|iPhoneSimulator.Build.0 = Release|Any CPU
		{A643CE4E-7995-41B2-A151-E0C88EC5482B}.AppStore|x64.ActiveCfg = Release|Any CPU
		{A643CE4E-7995-41B2-A151-E0C88EC5482B}.AppStore|x64.Build.0 = Release|Any CPU
		{A643CE4E-7995-41B2-A151-E0C88EC5482B}.AppStore|x86.ActiveCfg = Release|Any CPU
		{A643CE4E-7995-41B2-A151-E0C88EC5482B}.AppStore|x86.Build.0 = Release|Any CPU
		{A643CE4E-7995-41B2-A151-E0C88EC5482B}.Debug|Any CPU.ActiveCfg = Debug|Any CPU
		{A643CE4E-7995-41B2-A151-E0C88EC5482B}.Debug|Any CPU.Build.0 = Debug|Any CPU
		{A643CE4E-7995-41B2-A151-E0C88EC5482B}.Debug|ARM.ActiveCfg = Debug|Any CPU
		{A643CE4E-7995-41B2-A151-E0C88EC5482B}.Debug|ARM.Build.0 = Debug|Any CPU
		{A643CE4E-7995-41B2-A151-E0C88EC5482B}.Debug|iPhone.ActiveCfg = Debug|Any CPU
		{A643CE4E-7995-41B2-A151-E0C88EC5482B}.Debug|iPhone.Build.0 = Debug|Any CPU
		{A643CE4E-7995-41B2-A151-E0C88EC5482B}.Debug|iPhoneSimulator.ActiveCfg = Debug|Any CPU
		{A643CE4E-7995-41B2-A151-E0C88EC5482B}.Debug|iPhoneSimulator.Build.0 = Debug|Any CPU
		{A643CE4E-7995-41B2-A151-E0C88EC5482B}.Debug|x64.ActiveCfg = Debug|Any CPU
		{A643CE4E-7995-41B2-A151-E0C88EC5482B}.Debug|x64.Build.0 = Debug|Any CPU
		{A643CE4E-7995-41B2-A151-E0C88EC5482B}.Debug|x86.ActiveCfg = Debug|Any CPU
		{A643CE4E-7995-41B2-A151-E0C88EC5482B}.Debug|x86.Build.0 = Debug|Any CPU
		{A643CE4E-7995-41B2-A151-E0C88EC5482B}.Release|Any CPU.ActiveCfg = Release|Any CPU
		{A643CE4E-7995-41B2-A151-E0C88EC5482B}.Release|Any CPU.Build.0 = Release|Any CPU
		{A643CE4E-7995-41B2-A151-E0C88EC5482B}.Release|ARM.ActiveCfg = Release|Any CPU
		{A643CE4E-7995-41B2-A151-E0C88EC5482B}.Release|ARM.Build.0 = Release|Any CPU
		{A643CE4E-7995-41B2-A151-E0C88EC5482B}.Release|iPhone.ActiveCfg = Release|Any CPU
		{A643CE4E-7995-41B2-A151-E0C88EC5482B}.Release|iPhone.Build.0 = Release|Any CPU
		{A643CE4E-7995-41B2-A151-E0C88EC5482B}.Release|iPhoneSimulator.ActiveCfg = Release|Any CPU
		{A643CE4E-7995-41B2-A151-E0C88EC5482B}.Release|iPhoneSimulator.Build.0 = Release|Any CPU
		{A643CE4E-7995-41B2-A151-E0C88EC5482B}.Release|x64.ActiveCfg = Release|Any CPU
		{A643CE4E-7995-41B2-A151-E0C88EC5482B}.Release|x64.Build.0 = Release|Any CPU
		{A643CE4E-7995-41B2-A151-E0C88EC5482B}.Release|x86.ActiveCfg = Release|Any CPU
		{A643CE4E-7995-41B2-A151-E0C88EC5482B}.Release|x86.Build.0 = Release|Any CPU
		{8C314E49-DB4F-449A-A562-0E66D3EFB3CB}.Ad-Hoc|Any CPU.ActiveCfg = Release|Any CPU
		{8C314E49-DB4F-449A-A562-0E66D3EFB3CB}.Ad-Hoc|Any CPU.Build.0 = Release|Any CPU
		{8C314E49-DB4F-449A-A562-0E66D3EFB3CB}.Ad-Hoc|Any CPU.Deploy.0 = Release|Any CPU
		{8C314E49-DB4F-449A-A562-0E66D3EFB3CB}.Ad-Hoc|ARM.ActiveCfg = Release|Any CPU
		{8C314E49-DB4F-449A-A562-0E66D3EFB3CB}.Ad-Hoc|ARM.Build.0 = Release|Any CPU
		{8C314E49-DB4F-449A-A562-0E66D3EFB3CB}.Ad-Hoc|ARM.Deploy.0 = Release|Any CPU
		{8C314E49-DB4F-449A-A562-0E66D3EFB3CB}.Ad-Hoc|iPhone.ActiveCfg = Release|Any CPU
		{8C314E49-DB4F-449A-A562-0E66D3EFB3CB}.Ad-Hoc|iPhone.Build.0 = Release|Any CPU
		{8C314E49-DB4F-449A-A562-0E66D3EFB3CB}.Ad-Hoc|iPhone.Deploy.0 = Release|Any CPU
		{8C314E49-DB4F-449A-A562-0E66D3EFB3CB}.Ad-Hoc|iPhoneSimulator.ActiveCfg = Release|Any CPU
		{8C314E49-DB4F-449A-A562-0E66D3EFB3CB}.Ad-Hoc|iPhoneSimulator.Build.0 = Release|Any CPU
		{8C314E49-DB4F-449A-A562-0E66D3EFB3CB}.Ad-Hoc|iPhoneSimulator.Deploy.0 = Release|Any CPU
		{8C314E49-DB4F-449A-A562-0E66D3EFB3CB}.Ad-Hoc|x64.ActiveCfg = Release|Any CPU
		{8C314E49-DB4F-449A-A562-0E66D3EFB3CB}.Ad-Hoc|x64.Build.0 = Release|Any CPU
		{8C314E49-DB4F-449A-A562-0E66D3EFB3CB}.Ad-Hoc|x64.Deploy.0 = Release|Any CPU
		{8C314E49-DB4F-449A-A562-0E66D3EFB3CB}.Ad-Hoc|x86.ActiveCfg = Release|Any CPU
		{8C314E49-DB4F-449A-A562-0E66D3EFB3CB}.Ad-Hoc|x86.Build.0 = Release|Any CPU
		{8C314E49-DB4F-449A-A562-0E66D3EFB3CB}.Ad-Hoc|x86.Deploy.0 = Release|Any CPU
		{8C314E49-DB4F-449A-A562-0E66D3EFB3CB}.AppStore|Any CPU.ActiveCfg = Release|Any CPU
		{8C314E49-DB4F-449A-A562-0E66D3EFB3CB}.AppStore|Any CPU.Build.0 = Release|Any CPU
		{8C314E49-DB4F-449A-A562-0E66D3EFB3CB}.AppStore|Any CPU.Deploy.0 = Release|Any CPU
		{8C314E49-DB4F-449A-A562-0E66D3EFB3CB}.AppStore|ARM.ActiveCfg = Release|Any CPU
		{8C314E49-DB4F-449A-A562-0E66D3EFB3CB}.AppStore|ARM.Build.0 = Release|Any CPU
		{8C314E49-DB4F-449A-A562-0E66D3EFB3CB}.AppStore|ARM.Deploy.0 = Release|Any CPU
		{8C314E49-DB4F-449A-A562-0E66D3EFB3CB}.AppStore|iPhone.ActiveCfg = Release|Any CPU
		{8C314E49-DB4F-449A-A562-0E66D3EFB3CB}.AppStore|iPhone.Build.0 = Release|Any CPU
		{8C314E49-DB4F-449A-A562-0E66D3EFB3CB}.AppStore|iPhone.Deploy.0 = Release|Any CPU
		{8C314E49-DB4F-449A-A562-0E66D3EFB3CB}.AppStore|iPhoneSimulator.ActiveCfg = Release|Any CPU
		{8C314E49-DB4F-449A-A562-0E66D3EFB3CB}.AppStore|iPhoneSimulator.Build.0 = Release|Any CPU
		{8C314E49-DB4F-449A-A562-0E66D3EFB3CB}.AppStore|iPhoneSimulator.Deploy.0 = Release|Any CPU
		{8C314E49-DB4F-449A-A562-0E66D3EFB3CB}.AppStore|x64.ActiveCfg = Release|Any CPU
		{8C314E49-DB4F-449A-A562-0E66D3EFB3CB}.AppStore|x64.Build.0 = Release|Any CPU
		{8C314E49-DB4F-449A-A562-0E66D3EFB3CB}.AppStore|x64.Deploy.0 = Release|Any CPU
		{8C314E49-DB4F-449A-A562-0E66D3EFB3CB}.AppStore|x86.ActiveCfg = Release|Any CPU
		{8C314E49-DB4F-449A-A562-0E66D3EFB3CB}.AppStore|x86.Build.0 = Release|Any CPU
		{8C314E49-DB4F-449A-A562-0E66D3EFB3CB}.AppStore|x86.Deploy.0 = Release|Any CPU
		{8C314E49-DB4F-449A-A562-0E66D3EFB3CB}.Debug|Any CPU.ActiveCfg = Debug|Any CPU
		{8C314E49-DB4F-449A-A562-0E66D3EFB3CB}.Debug|Any CPU.Build.0 = Debug|Any CPU
		{8C314E49-DB4F-449A-A562-0E66D3EFB3CB}.Debug|Any CPU.Deploy.0 = Debug|Any CPU
		{8C314E49-DB4F-449A-A562-0E66D3EFB3CB}.Debug|ARM.ActiveCfg = Debug|Any CPU
		{8C314E49-DB4F-449A-A562-0E66D3EFB3CB}.Debug|ARM.Build.0 = Debug|Any CPU
		{8C314E49-DB4F-449A-A562-0E66D3EFB3CB}.Debug|ARM.Deploy.0 = Debug|Any CPU
		{8C314E49-DB4F-449A-A562-0E66D3EFB3CB}.Debug|iPhone.ActiveCfg = Debug|Any CPU
		{8C314E49-DB4F-449A-A562-0E66D3EFB3CB}.Debug|iPhone.Build.0 = Debug|Any CPU
		{8C314E49-DB4F-449A-A562-0E66D3EFB3CB}.Debug|iPhone.Deploy.0 = Debug|Any CPU
		{8C314E49-DB4F-449A-A562-0E66D3EFB3CB}.Debug|iPhoneSimulator.ActiveCfg = Debug|Any CPU
		{8C314E49-DB4F-449A-A562-0E66D3EFB3CB}.Debug|iPhoneSimulator.Build.0 = Debug|Any CPU
		{8C314E49-DB4F-449A-A562-0E66D3EFB3CB}.Debug|iPhoneSimulator.Deploy.0 = Debug|Any CPU
		{8C314E49-DB4F-449A-A562-0E66D3EFB3CB}.Debug|x64.ActiveCfg = Debug|Any CPU
		{8C314E49-DB4F-449A-A562-0E66D3EFB3CB}.Debug|x64.Build.0 = Debug|Any CPU
		{8C314E49-DB4F-449A-A562-0E66D3EFB3CB}.Debug|x64.Deploy.0 = Debug|Any CPU
		{8C314E49-DB4F-449A-A562-0E66D3EFB3CB}.Debug|x86.ActiveCfg = Debug|Any CPU
		{8C314E49-DB4F-449A-A562-0E66D3EFB3CB}.Debug|x86.Build.0 = Debug|Any CPU
		{8C314E49-DB4F-449A-A562-0E66D3EFB3CB}.Debug|x86.Deploy.0 = Debug|Any CPU
		{8C314E49-DB4F-449A-A562-0E66D3EFB3CB}.Release|Any CPU.ActiveCfg = Release|Any CPU
		{8C314E49-DB4F-449A-A562-0E66D3EFB3CB}.Release|Any CPU.Build.0 = Release|Any CPU
		{8C314E49-DB4F-449A-A562-0E66D3EFB3CB}.Release|Any CPU.Deploy.0 = Release|Any CPU
		{8C314E49-DB4F-449A-A562-0E66D3EFB3CB}.Release|ARM.ActiveCfg = Release|Any CPU
		{8C314E49-DB4F-449A-A562-0E66D3EFB3CB}.Release|ARM.Build.0 = Release|Any CPU
		{8C314E49-DB4F-449A-A562-0E66D3EFB3CB}.Release|ARM.Deploy.0 = Release|Any CPU
		{8C314E49-DB4F-449A-A562-0E66D3EFB3CB}.Release|iPhone.ActiveCfg = Release|Any CPU
		{8C314E49-DB4F-449A-A562-0E66D3EFB3CB}.Release|iPhone.Build.0 = Release|Any CPU
		{8C314E49-DB4F-449A-A562-0E66D3EFB3CB}.Release|iPhone.Deploy.0 = Release|Any CPU
		{8C314E49-DB4F-449A-A562-0E66D3EFB3CB}.Release|iPhoneSimulator.ActiveCfg = Release|Any CPU
		{8C314E49-DB4F-449A-A562-0E66D3EFB3CB}.Release|iPhoneSimulator.Build.0 = Release|Any CPU
		{8C314E49-DB4F-449A-A562-0E66D3EFB3CB}.Release|iPhoneSimulator.Deploy.0 = Release|Any CPU
		{8C314E49-DB4F-449A-A562-0E66D3EFB3CB}.Release|x64.ActiveCfg = Release|Any CPU
		{8C314E49-DB4F-449A-A562-0E66D3EFB3CB}.Release|x64.Build.0 = Release|Any CPU
		{8C314E49-DB4F-449A-A562-0E66D3EFB3CB}.Release|x64.Deploy.0 = Release|Any CPU
		{8C314E49-DB4F-449A-A562-0E66D3EFB3CB}.Release|x86.ActiveCfg = Release|Any CPU
		{8C314E49-DB4F-449A-A562-0E66D3EFB3CB}.Release|x86.Build.0 = Release|Any CPU
		{8C314E49-DB4F-449A-A562-0E66D3EFB3CB}.Release|x86.Deploy.0 = Release|Any CPU
		{F5D738A9-998B-4EBF-B5C9-B64514818835}.Ad-Hoc|Any CPU.ActiveCfg = Ad-Hoc|iPhone
		{F5D738A9-998B-4EBF-B5C9-B64514818835}.Ad-Hoc|ARM.ActiveCfg = Ad-Hoc|iPhone
		{F5D738A9-998B-4EBF-B5C9-B64514818835}.Ad-Hoc|iPhone.ActiveCfg = Ad-Hoc|iPhone
		{F5D738A9-998B-4EBF-B5C9-B64514818835}.Ad-Hoc|iPhone.Build.0 = Ad-Hoc|iPhone
		{F5D738A9-998B-4EBF-B5C9-B64514818835}.Ad-Hoc|iPhoneSimulator.ActiveCfg = Ad-Hoc|iPhoneSimulator
		{F5D738A9-998B-4EBF-B5C9-B64514818835}.Ad-Hoc|iPhoneSimulator.Build.0 = Ad-Hoc|iPhoneSimulator
		{F5D738A9-998B-4EBF-B5C9-B64514818835}.Ad-Hoc|x64.ActiveCfg = Ad-Hoc|iPhone
		{F5D738A9-998B-4EBF-B5C9-B64514818835}.Ad-Hoc|x86.ActiveCfg = Ad-Hoc|iPhone
		{F5D738A9-998B-4EBF-B5C9-B64514818835}.AppStore|Any CPU.ActiveCfg = AppStore|iPhone
		{F5D738A9-998B-4EBF-B5C9-B64514818835}.AppStore|ARM.ActiveCfg = AppStore|iPhone
		{F5D738A9-998B-4EBF-B5C9-B64514818835}.AppStore|iPhone.ActiveCfg = AppStore|iPhone
		{F5D738A9-998B-4EBF-B5C9-B64514818835}.AppStore|iPhone.Build.0 = AppStore|iPhone
		{F5D738A9-998B-4EBF-B5C9-B64514818835}.AppStore|iPhoneSimulator.ActiveCfg = AppStore|iPhoneSimulator
		{F5D738A9-998B-4EBF-B5C9-B64514818835}.AppStore|iPhoneSimulator.Build.0 = AppStore|iPhoneSimulator
		{F5D738A9-998B-4EBF-B5C9-B64514818835}.AppStore|x64.ActiveCfg = AppStore|iPhone
		{F5D738A9-998B-4EBF-B5C9-B64514818835}.AppStore|x86.ActiveCfg = AppStore|iPhone
		{F5D738A9-998B-4EBF-B5C9-B64514818835}.Debug|Any CPU.ActiveCfg = Debug|iPhone
		{F5D738A9-998B-4EBF-B5C9-B64514818835}.Debug|ARM.ActiveCfg = Debug|iPhone
		{F5D738A9-998B-4EBF-B5C9-B64514818835}.Debug|iPhone.ActiveCfg = Debug|iPhone
		{F5D738A9-998B-4EBF-B5C9-B64514818835}.Debug|iPhone.Build.0 = Debug|iPhone
		{F5D738A9-998B-4EBF-B5C9-B64514818835}.Debug|iPhoneSimulator.ActiveCfg = Debug|iPhoneSimulator
		{F5D738A9-998B-4EBF-B5C9-B64514818835}.Debug|iPhoneSimulator.Build.0 = Debug|iPhoneSimulator
		{F5D738A9-998B-4EBF-B5C9-B64514818835}.Debug|x64.ActiveCfg = Debug|iPhone
		{F5D738A9-998B-4EBF-B5C9-B64514818835}.Debug|x86.ActiveCfg = Debug|iPhone
		{F5D738A9-998B-4EBF-B5C9-B64514818835}.Release|Any CPU.ActiveCfg = Release|iPhone
		{F5D738A9-998B-4EBF-B5C9-B64514818835}.Release|ARM.ActiveCfg = Release|iPhone
		{F5D738A9-998B-4EBF-B5C9-B64514818835}.Release|iPhone.ActiveCfg = Release|iPhone
		{F5D738A9-998B-4EBF-B5C9-B64514818835}.Release|iPhone.Build.0 = Release|iPhone
		{F5D738A9-998B-4EBF-B5C9-B64514818835}.Release|iPhoneSimulator.ActiveCfg = Release|iPhoneSimulator
		{F5D738A9-998B-4EBF-B5C9-B64514818835}.Release|iPhoneSimulator.Build.0 = Release|iPhoneSimulator
		{F5D738A9-998B-4EBF-B5C9-B64514818835}.Release|x64.ActiveCfg = Release|iPhone
		{F5D738A9-998B-4EBF-B5C9-B64514818835}.Release|x86.ActiveCfg = Release|iPhone
		{C434F389-8FB4-4B05-9941-604DA1BBE9B5}.Ad-Hoc|Any CPU.ActiveCfg = Release|Any CPU
		{C434F389-8FB4-4B05-9941-604DA1BBE9B5}.Ad-Hoc|Any CPU.Build.0 = Release|Any CPU
		{C434F389-8FB4-4B05-9941-604DA1BBE9B5}.Ad-Hoc|Any CPU.Deploy.0 = Release|Any CPU
		{C434F389-8FB4-4B05-9941-604DA1BBE9B5}.Ad-Hoc|ARM.ActiveCfg = Release|ARM
		{C434F389-8FB4-4B05-9941-604DA1BBE9B5}.Ad-Hoc|ARM.Build.0 = Release|ARM
		{C434F389-8FB4-4B05-9941-604DA1BBE9B5}.Ad-Hoc|ARM.Deploy.0 = Release|ARM
		{C434F389-8FB4-4B05-9941-604DA1BBE9B5}.Ad-Hoc|iPhone.ActiveCfg = Release|Any CPU
		{C434F389-8FB4-4B05-9941-604DA1BBE9B5}.Ad-Hoc|iPhone.Build.0 = Release|Any CPU
		{C434F389-8FB4-4B05-9941-604DA1BBE9B5}.Ad-Hoc|iPhone.Deploy.0 = Release|Any CPU
		{C434F389-8FB4-4B05-9941-604DA1BBE9B5}.Ad-Hoc|iPhoneSimulator.ActiveCfg = Release|Any CPU
		{C434F389-8FB4-4B05-9941-604DA1BBE9B5}.Ad-Hoc|iPhoneSimulator.Build.0 = Release|Any CPU
		{C434F389-8FB4-4B05-9941-604DA1BBE9B5}.Ad-Hoc|iPhoneSimulator.Deploy.0 = Release|Any CPU
		{C434F389-8FB4-4B05-9941-604DA1BBE9B5}.Ad-Hoc|x64.ActiveCfg = Release|Any CPU
		{C434F389-8FB4-4B05-9941-604DA1BBE9B5}.Ad-Hoc|x64.Build.0 = Release|Any CPU
		{C434F389-8FB4-4B05-9941-604DA1BBE9B5}.Ad-Hoc|x64.Deploy.0 = Release|Any CPU
		{C434F389-8FB4-4B05-9941-604DA1BBE9B5}.Ad-Hoc|x86.ActiveCfg = Release|x86
		{C434F389-8FB4-4B05-9941-604DA1BBE9B5}.Ad-Hoc|x86.Build.0 = Release|x86
		{C434F389-8FB4-4B05-9941-604DA1BBE9B5}.Ad-Hoc|x86.Deploy.0 = Release|x86
		{C434F389-8FB4-4B05-9941-604DA1BBE9B5}.AppStore|Any CPU.ActiveCfg = Release|Any CPU
		{C434F389-8FB4-4B05-9941-604DA1BBE9B5}.AppStore|Any CPU.Build.0 = Release|Any CPU
		{C434F389-8FB4-4B05-9941-604DA1BBE9B5}.AppStore|Any CPU.Deploy.0 = Release|Any CPU
		{C434F389-8FB4-4B05-9941-604DA1BBE9B5}.AppStore|ARM.ActiveCfg = Release|ARM
		{C434F389-8FB4-4B05-9941-604DA1BBE9B5}.AppStore|ARM.Build.0 = Release|ARM
		{C434F389-8FB4-4B05-9941-604DA1BBE9B5}.AppStore|ARM.Deploy.0 = Release|ARM
		{C434F389-8FB4-4B05-9941-604DA1BBE9B5}.AppStore|iPhone.ActiveCfg = Release|Any CPU
		{C434F389-8FB4-4B05-9941-604DA1BBE9B5}.AppStore|iPhone.Build.0 = Release|Any CPU
		{C434F389-8FB4-4B05-9941-604DA1BBE9B5}.AppStore|iPhone.Deploy.0 = Release|Any CPU
		{C434F389-8FB4-4B05-9941-604DA1BBE9B5}.AppStore|iPhoneSimulator.ActiveCfg = Release|Any CPU
		{C434F389-8FB4-4B05-9941-604DA1BBE9B5}.AppStore|iPhoneSimulator.Build.0 = Release|Any CPU
		{C434F389-8FB4-4B05-9941-604DA1BBE9B5}.AppStore|iPhoneSimulator.Deploy.0 = Release|Any CPU
		{C434F389-8FB4-4B05-9941-604DA1BBE9B5}.AppStore|x64.ActiveCfg = Release|Any CPU
		{C434F389-8FB4-4B05-9941-604DA1BBE9B5}.AppStore|x64.Build.0 = Release|Any CPU
		{C434F389-8FB4-4B05-9941-604DA1BBE9B5}.AppStore|x64.Deploy.0 = Release|Any CPU
		{C434F389-8FB4-4B05-9941-604DA1BBE9B5}.AppStore|x86.ActiveCfg = Release|x86
		{C434F389-8FB4-4B05-9941-604DA1BBE9B5}.AppStore|x86.Build.0 = Release|x86
		{C434F389-8FB4-4B05-9941-604DA1BBE9B5}.AppStore|x86.Deploy.0 = Release|x86
		{C434F389-8FB4-4B05-9941-604DA1BBE9B5}.Debug|Any CPU.ActiveCfg = Debug|Any CPU
		{C434F389-8FB4-4B05-9941-604DA1BBE9B5}.Debug|Any CPU.Build.0 = Debug|Any CPU
		{C434F389-8FB4-4B05-9941-604DA1BBE9B5}.Debug|Any CPU.Deploy.0 = Debug|Any CPU
		{C434F389-8FB4-4B05-9941-604DA1BBE9B5}.Debug|ARM.ActiveCfg = Debug|ARM
		{C434F389-8FB4-4B05-9941-604DA1BBE9B5}.Debug|ARM.Build.0 = Debug|ARM
		{C434F389-8FB4-4B05-9941-604DA1BBE9B5}.Debug|ARM.Deploy.0 = Debug|ARM
		{C434F389-8FB4-4B05-9941-604DA1BBE9B5}.Debug|iPhone.ActiveCfg = Debug|Any CPU
		{C434F389-8FB4-4B05-9941-604DA1BBE9B5}.Debug|iPhone.Build.0 = Debug|Any CPU
		{C434F389-8FB4-4B05-9941-604DA1BBE9B5}.Debug|iPhone.Deploy.0 = Debug|Any CPU
		{C434F389-8FB4-4B05-9941-604DA1BBE9B5}.Debug|iPhoneSimulator.ActiveCfg = Debug|Any CPU
		{C434F389-8FB4-4B05-9941-604DA1BBE9B5}.Debug|iPhoneSimulator.Build.0 = Debug|Any CPU
		{C434F389-8FB4-4B05-9941-604DA1BBE9B5}.Debug|iPhoneSimulator.Deploy.0 = Debug|Any CPU
		{C434F389-8FB4-4B05-9941-604DA1BBE9B5}.Debug|x64.ActiveCfg = Debug|Any CPU
		{C434F389-8FB4-4B05-9941-604DA1BBE9B5}.Debug|x64.Build.0 = Debug|Any CPU
		{C434F389-8FB4-4B05-9941-604DA1BBE9B5}.Debug|x64.Deploy.0 = Debug|Any CPU
		{C434F389-8FB4-4B05-9941-604DA1BBE9B5}.Debug|x86.ActiveCfg = Debug|x86
		{C434F389-8FB4-4B05-9941-604DA1BBE9B5}.Debug|x86.Build.0 = Debug|x86
		{C434F389-8FB4-4B05-9941-604DA1BBE9B5}.Debug|x86.Deploy.0 = Debug|x86
		{C434F389-8FB4-4B05-9941-604DA1BBE9B5}.Release|Any CPU.ActiveCfg = Release|Any CPU
		{C434F389-8FB4-4B05-9941-604DA1BBE9B5}.Release|Any CPU.Build.0 = Release|Any CPU
		{C434F389-8FB4-4B05-9941-604DA1BBE9B5}.Release|Any CPU.Deploy.0 = Release|Any CPU
		{C434F389-8FB4-4B05-9941-604DA1BBE9B5}.Release|ARM.ActiveCfg = Release|ARM
		{C434F389-8FB4-4B05-9941-604DA1BBE9B5}.Release|ARM.Build.0 = Release|ARM
		{C434F389-8FB4-4B05-9941-604DA1BBE9B5}.Release|ARM.Deploy.0 = Release|ARM
		{C434F389-8FB4-4B05-9941-604DA1BBE9B5}.Release|iPhone.ActiveCfg = Release|Any CPU
		{C434F389-8FB4-4B05-9941-604DA1BBE9B5}.Release|iPhone.Build.0 = Release|Any CPU
		{C434F389-8FB4-4B05-9941-604DA1BBE9B5}.Release|iPhone.Deploy.0 = Release|Any CPU
		{C434F389-8FB4-4B05-9941-604DA1BBE9B5}.Release|iPhoneSimulator.ActiveCfg = Release|Any CPU
		{C434F389-8FB4-4B05-9941-604DA1BBE9B5}.Release|iPhoneSimulator.Build.0 = Release|Any CPU
		{C434F389-8FB4-4B05-9941-604DA1BBE9B5}.Release|iPhoneSimulator.Deploy.0 = Release|Any CPU
		{C434F389-8FB4-4B05-9941-604DA1BBE9B5}.Release|x64.ActiveCfg = Release|Any CPU
		{C434F389-8FB4-4B05-9941-604DA1BBE9B5}.Release|x64.Build.0 = Release|Any CPU
		{C434F389-8FB4-4B05-9941-604DA1BBE9B5}.Release|x64.Deploy.0 = Release|Any CPU
		{C434F389-8FB4-4B05-9941-604DA1BBE9B5}.Release|x86.ActiveCfg = Release|x86
		{C434F389-8FB4-4B05-9941-604DA1BBE9B5}.Release|x86.Build.0 = Release|x86
		{C434F389-8FB4-4B05-9941-604DA1BBE9B5}.Release|x86.Deploy.0 = Release|x86
		{24052504-A2F8-4DE4-BF4B-6576AAD22385}.Ad-Hoc|Any CPU.ActiveCfg = Release|Any CPU
		{24052504-A2F8-4DE4-BF4B-6576AAD22385}.Ad-Hoc|Any CPU.Build.0 = Release|Any CPU
		{24052504-A2F8-4DE4-BF4B-6576AAD22385}.Ad-Hoc|Any CPU.Deploy.0 = Release|Any CPU
		{24052504-A2F8-4DE4-BF4B-6576AAD22385}.Ad-Hoc|ARM.ActiveCfg = Release|ARM
		{24052504-A2F8-4DE4-BF4B-6576AAD22385}.Ad-Hoc|ARM.Build.0 = Release|ARM
		{24052504-A2F8-4DE4-BF4B-6576AAD22385}.Ad-Hoc|ARM.Deploy.0 = Release|ARM
		{24052504-A2F8-4DE4-BF4B-6576AAD22385}.Ad-Hoc|iPhone.ActiveCfg = Release|Any CPU
		{24052504-A2F8-4DE4-BF4B-6576AAD22385}.Ad-Hoc|iPhone.Build.0 = Release|Any CPU
		{24052504-A2F8-4DE4-BF4B-6576AAD22385}.Ad-Hoc|iPhone.Deploy.0 = Release|Any CPU
		{24052504-A2F8-4DE4-BF4B-6576AAD22385}.Ad-Hoc|iPhoneSimulator.ActiveCfg = Release|Any CPU
		{24052504-A2F8-4DE4-BF4B-6576AAD22385}.Ad-Hoc|iPhoneSimulator.Build.0 = Release|Any CPU
		{24052504-A2F8-4DE4-BF4B-6576AAD22385}.Ad-Hoc|iPhoneSimulator.Deploy.0 = Release|Any CPU
		{24052504-A2F8-4DE4-BF4B-6576AAD22385}.Ad-Hoc|x64.ActiveCfg = Release|x64
		{24052504-A2F8-4DE4-BF4B-6576AAD22385}.Ad-Hoc|x64.Build.0 = Release|x64
		{24052504-A2F8-4DE4-BF4B-6576AAD22385}.Ad-Hoc|x64.Deploy.0 = Release|x64
		{24052504-A2F8-4DE4-BF4B-6576AAD22385}.Ad-Hoc|x86.ActiveCfg = Release|x86
		{24052504-A2F8-4DE4-BF4B-6576AAD22385}.Ad-Hoc|x86.Build.0 = Release|x86
		{24052504-A2F8-4DE4-BF4B-6576AAD22385}.Ad-Hoc|x86.Deploy.0 = Release|x86
		{24052504-A2F8-4DE4-BF4B-6576AAD22385}.AppStore|Any CPU.ActiveCfg = Release|Any CPU
		{24052504-A2F8-4DE4-BF4B-6576AAD22385}.AppStore|Any CPU.Build.0 = Release|Any CPU
		{24052504-A2F8-4DE4-BF4B-6576AAD22385}.AppStore|Any CPU.Deploy.0 = Release|Any CPU
		{24052504-A2F8-4DE4-BF4B-6576AAD22385}.AppStore|ARM.ActiveCfg = Release|ARM
		{24052504-A2F8-4DE4-BF4B-6576AAD22385}.AppStore|ARM.Build.0 = Release|ARM
		{24052504-A2F8-4DE4-BF4B-6576AAD22385}.AppStore|ARM.Deploy.0 = Release|ARM
		{24052504-A2F8-4DE4-BF4B-6576AAD22385}.AppStore|iPhone.ActiveCfg = Release|Any CPU
		{24052504-A2F8-4DE4-BF4B-6576AAD22385}.AppStore|iPhone.Build.0 = Release|Any CPU
		{24052504-A2F8-4DE4-BF4B-6576AAD22385}.AppStore|iPhone.Deploy.0 = Release|Any CPU
		{24052504-A2F8-4DE4-BF4B-6576AAD22385}.AppStore|iPhoneSimulator.ActiveCfg = Release|Any CPU
		{24052504-A2F8-4DE4-BF4B-6576AAD22385}.AppStore|iPhoneSimulator.Build.0 = Release|Any CPU
		{24052504-A2F8-4DE4-BF4B-6576AAD22385}.AppStore|iPhoneSimulator.Deploy.0 = Release|Any CPU
		{24052504-A2F8-4DE4-BF4B-6576AAD22385}.AppStore|x64.ActiveCfg = Release|x64
		{24052504-A2F8-4DE4-BF4B-6576AAD22385}.AppStore|x64.Build.0 = Release|x64
		{24052504-A2F8-4DE4-BF4B-6576AAD22385}.AppStore|x64.Deploy.0 = Release|x64
		{24052504-A2F8-4DE4-BF4B-6576AAD22385}.AppStore|x86.ActiveCfg = Release|x86
		{24052504-A2F8-4DE4-BF4B-6576AAD22385}.AppStore|x86.Build.0 = Release|x86
		{24052504-A2F8-4DE4-BF4B-6576AAD22385}.AppStore|x86.Deploy.0 = Release|x86
		{24052504-A2F8-4DE4-BF4B-6576AAD22385}.Debug|Any CPU.ActiveCfg = Debug|Any CPU
		{24052504-A2F8-4DE4-BF4B-6576AAD22385}.Debug|Any CPU.Build.0 = Debug|Any CPU
		{24052504-A2F8-4DE4-BF4B-6576AAD22385}.Debug|Any CPU.Deploy.0 = Debug|Any CPU
		{24052504-A2F8-4DE4-BF4B-6576AAD22385}.Debug|ARM.ActiveCfg = Debug|ARM
		{24052504-A2F8-4DE4-BF4B-6576AAD22385}.Debug|ARM.Build.0 = Debug|ARM
		{24052504-A2F8-4DE4-BF4B-6576AAD22385}.Debug|ARM.Deploy.0 = Debug|ARM
		{24052504-A2F8-4DE4-BF4B-6576AAD22385}.Debug|iPhone.ActiveCfg = Debug|Any CPU
		{24052504-A2F8-4DE4-BF4B-6576AAD22385}.Debug|iPhone.Build.0 = Debug|Any CPU
		{24052504-A2F8-4DE4-BF4B-6576AAD22385}.Debug|iPhone.Deploy.0 = Debug|Any CPU
		{24052504-A2F8-4DE4-BF4B-6576AAD22385}.Debug|iPhoneSimulator.ActiveCfg = Debug|Any CPU
		{24052504-A2F8-4DE4-BF4B-6576AAD22385}.Debug|iPhoneSimulator.Build.0 = Debug|Any CPU
		{24052504-A2F8-4DE4-BF4B-6576AAD22385}.Debug|iPhoneSimulator.Deploy.0 = Debug|Any CPU
		{24052504-A2F8-4DE4-BF4B-6576AAD22385}.Debug|x64.ActiveCfg = Debug|x64
		{24052504-A2F8-4DE4-BF4B-6576AAD22385}.Debug|x64.Build.0 = Debug|x64
		{24052504-A2F8-4DE4-BF4B-6576AAD22385}.Debug|x64.Deploy.0 = Debug|x64
		{24052504-A2F8-4DE4-BF4B-6576AAD22385}.Debug|x86.ActiveCfg = Debug|x86
		{24052504-A2F8-4DE4-BF4B-6576AAD22385}.Debug|x86.Build.0 = Debug|x86
		{24052504-A2F8-4DE4-BF4B-6576AAD22385}.Debug|x86.Deploy.0 = Debug|x86
		{24052504-A2F8-4DE4-BF4B-6576AAD22385}.Release|Any CPU.ActiveCfg = Release|Any CPU
		{24052504-A2F8-4DE4-BF4B-6576AAD22385}.Release|Any CPU.Build.0 = Release|Any CPU
		{24052504-A2F8-4DE4-BF4B-6576AAD22385}.Release|Any CPU.Deploy.0 = Release|Any CPU
		{24052504-A2F8-4DE4-BF4B-6576AAD22385}.Release|ARM.ActiveCfg = Release|ARM
		{24052504-A2F8-4DE4-BF4B-6576AAD22385}.Release|ARM.Build.0 = Release|ARM
		{24052504-A2F8-4DE4-BF4B-6576AAD22385}.Release|ARM.Deploy.0 = Release|ARM
		{24052504-A2F8-4DE4-BF4B-6576AAD22385}.Release|iPhone.ActiveCfg = Release|Any CPU
		{24052504-A2F8-4DE4-BF4B-6576AAD22385}.Release|iPhone.Build.0 = Release|Any CPU
		{24052504-A2F8-4DE4-BF4B-6576AAD22385}.Release|iPhone.Deploy.0 = Release|Any CPU
		{24052504-A2F8-4DE4-BF4B-6576AAD22385}.Release|iPhoneSimulator.ActiveCfg = Release|Any CPU
		{24052504-A2F8-4DE4-BF4B-6576AAD22385}.Release|iPhoneSimulator.Build.0 = Release|Any CPU
		{24052504-A2F8-4DE4-BF4B-6576AAD22385}.Release|iPhoneSimulator.Deploy.0 = Release|Any CPU
		{24052504-A2F8-4DE4-BF4B-6576AAD22385}.Release|x64.ActiveCfg = Release|x64
		{24052504-A2F8-4DE4-BF4B-6576AAD22385}.Release|x64.Build.0 = Release|x64
		{24052504-A2F8-4DE4-BF4B-6576AAD22385}.Release|x64.Deploy.0 = Release|x64
		{24052504-A2F8-4DE4-BF4B-6576AAD22385}.Release|x86.ActiveCfg = Release|x86
		{24052504-A2F8-4DE4-BF4B-6576AAD22385}.Release|x86.Build.0 = Release|x86
		{24052504-A2F8-4DE4-BF4B-6576AAD22385}.Release|x86.Deploy.0 = Release|x86
	EndGlobalSection
	GlobalSection(SolutionProperties) = preSolution
		HideSolutionNode = FALSE
	EndGlobalSection
EndGlobal
